{
  "name": "app",
  "version": "1.0.0",
  "lockfileVersion": 2,
  "requires": true,
  "packages": {
    "": {
      "name": "app",
      "version": "1.0.0",
      "license": "ISC",
      "dependencies": {
        "@nearform/lyra": "^0.0.3"
      }
    },
    "node_modules/@nearform/lyra": {
      "version": "0.0.3",
      "resolved": "https://registry.npmjs.org/@nearform/lyra/-/lyra-0.0.3.tgz",
      "integrity": "sha512-ySrLFjM83PLcQCxRgowBfCAODI1rV+NK1O0QLRXm3BgxaIUHF+jIl9+8MrBn3oLKCbRABhxJx3i3Pg+8l+bCMQ=="
    }
  },
  "dependencies": {
    "@nearform/lyra": {
      "version": "0.0.3",
      "resolved": "https://registry.npmjs.org/@nearform/lyra/-/lyra-0.0.3.tgz",
      "integrity": "sha512-ySrLFjM83PLcQCxRgowBfCAODI1rV+NK1O0QLRXm3BgxaIUHF+jIl9+8MrBn3oLKCbRABhxJx3i3Pg+8l+bCMQ=="
    }
  }
}
